{
  "version": 4,
  "terraform_version": "1.7.5",
  "serial": 65,
  "lineage": "d2d3830b-673f-ba31-ee17-ad39dd38029c",
  "outputs": {
    "instance_public_ip": {
      "value": "54.183.230.189",
      "type": "string"
    }
  },
  "resources": [
    {
      "mode": "managed",
      "type": "aws_instance",
      "name": "grafanaInstance",
      "provider": "provider[\"registry.terraform.io/hashicorp/aws\"]",
      "instances": [
        {
          "schema_version": 1,
          "attributes": {
            "ami": "ami-0827b6c5b977c020e",
            "arn": "arn:aws:ec2:us-west-1:029324633882:instance/i-0cf34601f2a7d3756",
            "associate_public_ip_address": true,
            "availability_zone": "us-west-1c",
            "capacity_reservation_specification": [
              {
                "capacity_reservation_preference": "open",
                "capacity_reservation_target": []
              }
            ],
            "cpu_core_count": 1,
            "cpu_options": [
              {
                "amd_sev_snp": "",
                "core_count": 1,
                "threads_per_core": 1
              }
            ],
            "cpu_threads_per_core": 1,
            "credit_specification": [
              {
                "cpu_credits": "standard"
              }
            ],
            "disable_api_stop": false,
            "disable_api_termination": false,
            "ebs_block_device": [],
            "ebs_optimized": false,
            "enclave_options": [
              {
                "enabled": false
              }
            ],
            "ephemeral_block_device": [],
            "get_password_data": false,
            "hibernation": false,
            "host_id": "",
            "host_resource_group_arn": null,
            "iam_instance_profile": "",
            "id": "i-0cf34601f2a7d3756",
            "instance_initiated_shutdown_behavior": "stop",
            "instance_lifecycle": "",
            "instance_market_options": [],
            "instance_state": "running",
            "instance_type": "t2.micro",
            "ipv6_address_count": 0,
            "ipv6_addresses": [],
            "key_name": "",
            "launch_template": [],
            "maintenance_options": [
              {
                "auto_recovery": "default"
              }
            ],
            "metadata_options": [
              {
                "http_endpoint": "enabled",
                "http_protocol_ipv6": "disabled",
                "http_put_response_hop_limit": 2,
                "http_tokens": "required",
                "instance_metadata_tags": "disabled"
              }
            ],
            "monitoring": false,
            "network_interface": [],
            "outpost_arn": "",
            "password_data": "",
            "placement_group": "",
            "placement_partition_number": 0,
            "primary_network_interface_id": "eni-0d382f8774e7e5f70",
            "private_dns": "ip-10-0-1-154.us-west-1.compute.internal",
            "private_dns_name_options": [
              {
                "enable_resource_name_dns_a_record": false,
                "enable_resource_name_dns_aaaa_record": false,
                "hostname_type": "ip-name"
              }
            ],
            "private_ip": "10.0.1.154",
            "public_dns": "ec2-54-183-230-189.us-west-1.compute.amazonaws.com",
            "public_ip": "54.183.230.189",
            "root_block_device": [
              {
                "delete_on_termination": true,
                "device_name": "/dev/xvda",
                "encrypted": false,
                "iops": 3000,
                "kms_key_id": "",
                "tags": {},
                "tags_all": {},
                "throughput": 125,
                "volume_id": "vol-0f14097934301de21",
                "volume_size": 8,
                "volume_type": "gp3"
              }
            ],
            "secondary_private_ips": [],
            "security_groups": [],
            "source_dest_check": true,
            "spot_instance_request_id": "",
            "subnet_id": "subnet-06d191d0361043ec1",
            "tags": {
              "Name": "grafanaInstance"
            },
            "tags_all": {
              "Name": "grafanaInstance"
            },
            "tenancy": "default",
            "timeouts": null,
            "user_data": "48bc94f63d747ca3956757f86f6d187d4c59c490",
            "user_data_base64": null,
            "user_data_replace_on_change": false,
            "volume_tags": null,
            "vpc_security_group_ids": [
              "sg-0f132d91813762d1e"
            ]
          },
          "sensitive_attributes": [],
          "private": "eyJlMmJmYjczMC1lY2FhLTExZTYtOGY4OC0zNDM2M2JjN2M0YzAiOnsiY3JlYXRlIjo2MDAwMDAwMDAwMDAsImRlbGV0ZSI6MTIwMDAwMDAwMDAwMCwicmVhZCI6OTAwMDAwMDAwMDAwLCJ1cGRhdGUiOjYwMDAwMDAwMDAwMH0sInNjaGVtYV92ZXJzaW9uIjoiMSJ9",
          "dependencies": [
            "aws_security_group.instance_sg",
            "aws_subnet.public_subnet",
            "aws_vpc.grafana_vpc"
          ]
        }
      ]
    },
    {
      "mode": "managed",
      "type": "aws_internet_gateway",
      "name": "gw",
      "provider": "provider[\"registry.terraform.io/hashicorp/aws\"]",
      "instances": [
        {
          "schema_version": 0,
          "attributes": {
            "arn": "arn:aws:ec2:us-west-1:029324633882:internet-gateway/igw-0c761cbb315bf1227",
            "id": "igw-0c761cbb315bf1227",
            "owner_id": "029324633882",
            "tags": {
              "Name": "grafana-igw"
            },
            "tags_all": {
              "Name": "grafana-igw"
            },
            "timeouts": null,
            "vpc_id": "vpc-04aa356f4193213e7"
          },
          "sensitive_attributes": [],
          "private": "eyJlMmJmYjczMC1lY2FhLTExZTYtOGY4OC0zNDM2M2JjN2M0YzAiOnsiY3JlYXRlIjoxMjAwMDAwMDAwMDAwLCJkZWxldGUiOjEyMDAwMDAwMDAwMDAsInVwZGF0ZSI6MTIwMDAwMDAwMDAwMH19",
          "dependencies": [
            "aws_vpc.grafana_vpc"
          ]
        }
      ]
    },
    {
      "mode": "managed",
      "type": "aws_route_table",
      "name": "grafana_route_table",
      "provider": "provider[\"registry.terraform.io/hashicorp/aws\"]",
      "instances": [
        {
          "schema_version": 0,
          "attributes": {
            "arn": "arn:aws:ec2:us-west-1:029324633882:route-table/rtb-08fe9fe11f0a5009e",
            "id": "rtb-08fe9fe11f0a5009e",
            "owner_id": "029324633882",
            "propagating_vgws": [],
            "route": [
              {
                "carrier_gateway_id": "",
                "cidr_block": "0.0.0.0/0",
                "core_network_arn": "",
                "destination_prefix_list_id": "",
                "egress_only_gateway_id": "",
                "gateway_id": "igw-0c761cbb315bf1227",
                "ipv6_cidr_block": "",
                "local_gateway_id": "",
                "nat_gateway_id": "",
                "network_interface_id": "",
                "transit_gateway_id": "",
                "vpc_endpoint_id": "",
                "vpc_peering_connection_id": ""
              }
            ],
            "tags": {},
            "tags_all": {},
            "timeouts": null,
            "vpc_id": "vpc-04aa356f4193213e7"
          },
          "sensitive_attributes": [],
          "private": "eyJlMmJmYjczMC1lY2FhLTExZTYtOGY4OC0zNDM2M2JjN2M0YzAiOnsiY3JlYXRlIjozMDAwMDAwMDAwMDAsImRlbGV0ZSI6MzAwMDAwMDAwMDAwLCJ1cGRhdGUiOjEyMDAwMDAwMDAwMH19",
          "dependencies": [
            "aws_internet_gateway.gw",
            "aws_vpc.grafana_vpc"
          ]
        }
      ]
    },
    {
      "mode": "managed",
      "type": "aws_route_table_association",
      "name": "my_subnet_association",
      "provider": "provider[\"registry.terraform.io/hashicorp/aws\"]",
      "instances": [
        {
          "schema_version": 0,
          "attributes": {
            "gateway_id": "",
            "id": "rtbassoc-01879cb974f61bf83",
            "route_table_id": "rtb-08fe9fe11f0a5009e",
            "subnet_id": "subnet-06d191d0361043ec1",
            "timeouts": null
          },
          "sensitive_attributes": [],
          "private": "eyJlMmJmYjczMC1lY2FhLTExZTYtOGY4OC0zNDM2M2JjN2M0YzAiOnsiY3JlYXRlIjozMDAwMDAwMDAwMDAsImRlbGV0ZSI6MzAwMDAwMDAwMDAwLCJ1cGRhdGUiOjEyMDAwMDAwMDAwMH19",
          "dependencies": [
            "aws_internet_gateway.gw",
            "aws_route_table.grafana_route_table",
            "aws_subnet.public_subnet",
            "aws_vpc.grafana_vpc"
          ]
        }
      ]
    },
    {
      "mode": "managed",
      "type": "aws_security_group",
      "name": "instance_sg",
      "provider": "provider[\"registry.terraform.io/hashicorp/aws\"]",
      "instances": [
        {
          "schema_version": 1,
          "attributes": {
            "arn": "arn:aws:ec2:us-west-1:029324633882:security-group/sg-0f132d91813762d1e",
            "description": "Security group for EC2 instance",
            "egress": [
              {
                "cidr_blocks": [
                  "0.0.0.0/0"
                ],
                "description": "",
                "from_port": 0,
                "ipv6_cidr_blocks": [],
                "prefix_list_ids": [],
                "protocol": "-1",
                "security_groups": [],
                "self": false,
                "to_port": 0
              }
            ],
            "id": "sg-0f132d91813762d1e",
            "ingress": [
              {
                "cidr_blocks": [
                  "0.0.0.0/0"
                ],
                "description": "Allow Grafana (port 3000) from anywhere",
                "from_port": 3000,
                "ipv6_cidr_blocks": [],
                "prefix_list_ids": [],
                "protocol": "tcp",
                "security_groups": [],
                "self": false,
                "to_port": 3000
              },
              {
                "cidr_blocks": [
                  "0.0.0.0/0"
                ],
                "description": "Allow ICMP from anywhere",
                "from_port": -1,
                "ipv6_cidr_blocks": [],
                "prefix_list_ids": [],
                "protocol": "icmp",
                "security_groups": [],
                "self": false,
                "to_port": -1
              },
              {
                "cidr_blocks": [
                  "0.0.0.0/0"
                ],
                "description": "Allow SSH from anywhere",
                "from_port": 22,
                "ipv6_cidr_blocks": [],
                "prefix_list_ids": [],
                "protocol": "tcp",
                "security_groups": [],
                "self": false,
                "to_port": 22
              },
              {
                "cidr_blocks": [
                  "0.0.0.0/0"
                ],
                "description": "Allow mysql (port 3306) from anywhere",
                "from_port": 3306,
                "ipv6_cidr_blocks": [],
                "prefix_list_ids": [],
                "protocol": "tcp",
                "security_groups": [],
                "self": false,
                "to_port": 3306
              }
            ],
            "name": "instance-sg",
            "name_prefix": "",
            "owner_id": "029324633882",
            "revoke_rules_on_delete": false,
            "tags": {
              "Name": "instance-sg"
            },
            "tags_all": {
              "Name": "instance-sg"
            },
            "timeouts": null,
            "vpc_id": "vpc-04aa356f4193213e7"
          },
          "sensitive_attributes": [],
          "private": "eyJlMmJmYjczMC1lY2FhLTExZTYtOGY4OC0zNDM2M2JjN2M0YzAiOnsiY3JlYXRlIjo2MDAwMDAwMDAwMDAsImRlbGV0ZSI6OTAwMDAwMDAwMDAwfSwic2NoZW1hX3ZlcnNpb24iOiIxIn0=",
          "dependencies": [
            "aws_vpc.grafana_vpc"
          ]
        }
      ]
    },
    {
      "mode": "managed",
      "type": "aws_subnet",
      "name": "public_subnet",
      "provider": "provider[\"registry.terraform.io/hashicorp/aws\"]",
      "instances": [
        {
          "schema_version": 1,
          "attributes": {
            "arn": "arn:aws:ec2:us-west-1:029324633882:subnet/subnet-06d191d0361043ec1",
            "assign_ipv6_address_on_creation": false,
            "availability_zone": "us-west-1c",
            "availability_zone_id": "usw1-az3",
            "cidr_block": "10.0.1.0/24",
            "customer_owned_ipv4_pool": "",
            "enable_dns64": false,
            "enable_lni_at_device_index": 0,
            "enable_resource_name_dns_a_record_on_launch": false,
            "enable_resource_name_dns_aaaa_record_on_launch": false,
            "id": "subnet-06d191d0361043ec1",
            "ipv6_cidr_block": "",
            "ipv6_cidr_block_association_id": "",
            "ipv6_native": false,
            "map_customer_owned_ip_on_launch": false,
            "map_public_ip_on_launch": true,
            "outpost_arn": "",
            "owner_id": "029324633882",
            "private_dns_hostname_type_on_launch": "ip-name",
            "tags": {
              "Name": "public-subnet"
            },
            "tags_all": {
              "Name": "public-subnet"
            },
            "timeouts": null,
            "vpc_id": "vpc-04aa356f4193213e7"
          },
          "sensitive_attributes": [],
          "private": "eyJlMmJmYjczMC1lY2FhLTExZTYtOGY4OC0zNDM2M2JjN2M0YzAiOnsiY3JlYXRlIjo2MDAwMDAwMDAwMDAsImRlbGV0ZSI6MTIwMDAwMDAwMDAwMH0sInNjaGVtYV92ZXJzaW9uIjoiMSJ9",
          "dependencies": [
            "aws_vpc.grafana_vpc"
          ]
        }
      ]
    },
    {
      "mode": "managed",
      "type": "aws_vpc",
      "name": "grafana_vpc",
      "provider": "provider[\"registry.terraform.io/hashicorp/aws\"]",
      "instances": [
        {
          "schema_version": 1,
          "attributes": {
            "arn": "arn:aws:ec2:us-west-1:029324633882:vpc/vpc-04aa356f4193213e7",
            "assign_generated_ipv6_cidr_block": false,
            "cidr_block": "10.0.0.0/16",
            "default_network_acl_id": "acl-07366098dbae7963e",
            "default_route_table_id": "rtb-0ef08a9cbf0d456d5",
            "default_security_group_id": "sg-018bfce76ad339dcb",
            "dhcp_options_id": "dopt-0699db24d344a8350",
            "enable_dns_hostnames": true,
            "enable_dns_support": true,
            "enable_network_address_usage_metrics": false,
            "id": "vpc-04aa356f4193213e7",
            "instance_tenancy": "default",
            "ipv4_ipam_pool_id": null,
            "ipv4_netmask_length": null,
            "ipv6_association_id": "",
            "ipv6_cidr_block": "",
            "ipv6_cidr_block_network_border_group": "",
            "ipv6_ipam_pool_id": "",
            "ipv6_netmask_length": 0,
            "main_route_table_id": "rtb-0ef08a9cbf0d456d5",
            "owner_id": "029324633882",
            "tags": {
              "Name": "grafana-vpc"
            },
            "tags_all": {
              "Name": "grafana-vpc"
            }
          },
          "sensitive_attributes": [],
          "private": "eyJzY2hlbWFfdmVyc2lvbiI6IjEifQ=="
        }
      ]
    },
    {
      "mode": "managed",
      "type": "grafana_dashboard",
      "name": "data_dashboard",
      "provider": "provider[\"registry.terraform.io/grafana/grafana\"]",
      "instances": [
        {
          "schema_version": 1,
          "attributes": {
            "config_json": "{\"__elements\":{},\"__inputs\":[{\"description\":\"\",\"label\":\"MySQL Dummy Data Dashboard\",\"name\":\"DS_MYSQL_DUMMY_DATA_DASHBOARD\",\"pluginId\":\"mysql\",\"pluginName\":\"MySQL\",\"type\":\"datasource\"}],\"__requires\":[{\"id\":\"bargauge\",\"name\":\"Bar gauge\",\"type\":\"panel\",\"version\":\"\"},{\"id\":\"grafana\",\"name\":\"Grafana\",\"type\":\"grafana\",\"version\":\"10.0.2\"},{\"id\":\"mysql\",\"name\":\"MySQL\",\"type\":\"datasource\",\"version\":\"1.0.0\"},{\"id\":\"piechart\",\"name\":\"Pie chart\",\"type\":\"panel\",\"version\":\"\"},{\"id\":\"stat\",\"name\":\"Stat\",\"type\":\"panel\",\"version\":\"\"},{\"id\":\"timeseries\",\"name\":\"Time series\",\"type\":\"panel\",\"version\":\"\"}],\"annotations\":{\"list\":[{\"builtIn\":1,\"datasource\":{\"type\":\"grafana\",\"uid\":\"-- Grafana --\"},\"enable\":true,\"hide\":true,\"iconColor\":\"rgba(0, 211, 255, 1)\",\"name\":\"Annotations \\u0026 Alerts\",\"type\":\"dashboard\"}]},\"editable\":true,\"fiscalYearStartMonth\":0,\"graphTooltip\":0,\"links\":[],\"liveNow\":false,\"panels\":[{\"datasource\":{\"type\":\"mysql\",\"uid\":\"data_mysql_db\"},\"fieldConfig\":{\"defaults\":{\"color\":{\"mode\":\"thresholds\"},\"mappings\":[],\"thresholds\":{\"mode\":\"absolute\",\"steps\":[{\"color\":\"text\",\"value\":null}]},\"unit\":\"short\"},\"overrides\":[]},\"gridPos\":{\"h\":8,\"w\":8,\"x\":0,\"y\":0},\"options\":{\"colorMode\":\"value\",\"graphMode\":\"area\",\"justifyMode\":\"auto\",\"orientation\":\"auto\",\"reduceOptions\":{\"calcs\":[\"sum\"],\"fields\":\"\",\"values\":false},\"textMode\":\"auto\"},\"pluginVersion\":\"10.0.2\",\"targets\":[{\"dataset\":\"dummy_data\",\"datasource\":{\"type\":\"mysql\",\"uid\":\"data_mysql_db\"},\"editorMode\":\"code\",\"format\":\"time_series\",\"rawQuery\":true,\"rawSql\":\"SELECT\\n  COUNT(*),\\n  startDate AS time\\nFROM\\n  dummy_data.grafdisplay\\nWHERE $__timeFilter(startDate)\\nGROUP BY\\n  time\\nORDER BY\\n  time\",\"refId\":\"A\",\"sql\":{\"columns\":[{\"name\":\"COUNT\",\"parameters\":[{\"name\":\"*\",\"type\":\"functionParameter\"}],\"type\":\"function\"}],\"groupBy\":[{\"property\":{\"type\":\"string\"},\"type\":\"groupBy\"}],\"limit\":50},\"table\":\"grafdisplay\"}],\"title\":\"Total Transaction Count\",\"type\":\"stat\"},{\"datasource\":{\"type\":\"mysql\",\"uid\":\"data_mysql_db\"},\"fieldConfig\":{\"defaults\":{\"color\":{\"mode\":\"palette-classic\"},\"custom\":{\"axisCenteredZero\":false,\"axisColorMode\":\"text\",\"axisLabel\":\"\",\"axisPlacement\":\"auto\",\"barAlignment\":0,\"drawStyle\":\"line\",\"fillOpacity\":0,\"gradientMode\":\"none\",\"hideFrom\":{\"legend\":false,\"tooltip\":false,\"viz\":false},\"lineInterpolation\":\"linear\",\"lineWidth\":1,\"pointSize\":5,\"scaleDistribution\":{\"type\":\"linear\"},\"showPoints\":\"auto\",\"spanNulls\":false,\"stacking\":{\"group\":\"A\",\"mode\":\"none\"},\"thresholdsStyle\":{\"mode\":\"off\"}},\"mappings\":[],\"thresholds\":{\"mode\":\"absolute\",\"steps\":[{\"color\":\"light-green\",\"value\":null},{\"color\":\"green\",\"value\":25},{\"color\":\"semi-dark-green\",\"value\":50},{\"color\":\"dark-green\",\"value\":75}]},\"unit\":\"short\"},\"overrides\":[]},\"gridPos\":{\"h\":8,\"w\":16,\"x\":8,\"y\":0},\"options\":{\"legend\":{\"calcs\":[],\"displayMode\":\"list\",\"placement\":\"bottom\",\"showLegend\":true},\"tooltip\":{\"mode\":\"single\",\"sort\":\"none\"}},\"pluginVersion\":\"10.0.2\",\"targets\":[{\"dataset\":\"dummy_data\",\"datasource\":{\"type\":\"mysql\",\"uid\":\"data_mysql_db\"},\"editorMode\":\"code\",\"format\":\"time_series\",\"rawQuery\":true,\"rawSql\":\"SELECT\\n  COUNT(*),\\n  startDate AS time\\nFROM\\n  dummy_data.grafdisplay\\nWHERE $__timeFilter(startDate)\\nGROUP BY\\n  time\\nORDER BY\\n  time\",\"refId\":\"A\",\"sql\":{\"columns\":[{\"name\":\"COUNT\",\"parameters\":[{\"name\":\"*\",\"type\":\"functionParameter\"}],\"type\":\"function\"}],\"groupBy\":[{\"property\":{\"type\":\"string\"},\"type\":\"groupBy\"}],\"limit\":50},\"table\":\"grafdisplay\"}],\"title\":\"Total Transaction Graph\",\"type\":\"timeseries\"},{\"datasource\":{\"type\":\"mysql\",\"uid\":\"data_mysql_db\"},\"fieldConfig\":{\"defaults\":{\"color\":{\"mode\":\"thresholds\"},\"mappings\":[],\"thresholds\":{\"mode\":\"absolute\",\"steps\":[{\"color\":\"light-green\",\"value\":null},{\"color\":\"green\",\"value\":25},{\"color\":\"semi-dark-green\",\"value\":50},{\"color\":\"dark-green\",\"value\":75}]},\"unit\":\"short\"},\"overrides\":[]},\"gridPos\":{\"h\":8,\"w\":8,\"x\":0,\"y\":8},\"options\":{\"colorMode\":\"value\",\"graphMode\":\"area\",\"justifyMode\":\"auto\",\"orientation\":\"auto\",\"reduceOptions\":{\"calcs\":[\"sum\"],\"fields\":\"\",\"values\":false},\"textMode\":\"auto\"},\"pluginVersion\":\"10.0.2\",\"targets\":[{\"dataset\":\"dummy_data\",\"datasource\":{\"type\":\"mysql\",\"uid\":\"data_mysql_db\"},\"editorMode\":\"code\",\"format\":\"time_series\",\"rawQuery\":true,\"rawSql\":\"SELECT\\n  COUNT(*),\\n  startDate AS time\\nFROM\\n  dummy_data.grafdisplay\\nWHERE $__timeFilter(startDate) AND responseCode = 0\\nGROUP BY\\n  time\\nORDER BY\\n  time\",\"refId\":\"A\",\"sql\":{\"columns\":[{\"name\":\"COUNT\",\"parameters\":[{\"name\":\"*\",\"type\":\"functionParameter\"}],\"type\":\"function\"}],\"groupBy\":[{\"property\":{\"type\":\"string\"},\"type\":\"groupBy\"}],\"limit\":50},\"table\":\"grafdisplay\"}],\"title\":\"Total Transaction Success Count\",\"type\":\"stat\"},{\"datasource\":{\"type\":\"mysql\",\"uid\":\"data_mysql_db\"},\"fieldConfig\":{\"defaults\":{\"color\":{\"mode\":\"thresholds\"},\"mappings\":[],\"thresholds\":{\"mode\":\"absolute\",\"steps\":[{\"color\":\"super-light-green\",\"value\":null},{\"color\":\"light-green\",\"value\":25},{\"color\":\"green\",\"value\":50},{\"color\":\"semi-dark-green\",\"value\":75}]},\"unit\":\"short\"},\"overrides\":[]},\"gridPos\":{\"h\":8,\"w\":8,\"x\":8,\"y\":8},\"options\":{\"displayMode\":\"gradient\",\"minVizHeight\":10,\"minVizWidth\":0,\"orientation\":\"horizontal\",\"reduceOptions\":{\"calcs\":[\"sum\"],\"fields\":\"/^FAILED TRANSACTIONS$/\",\"limit\":10,\"values\":true},\"showUnfilled\":true,\"valueMode\":\"color\"},\"pluginVersion\":\"10.0.2\",\"targets\":[{\"datasource\":{\"type\":\"mysql\",\"uid\":\"data_mysql_db\"},\"editorMode\":\"code\",\"format\":\"table\",\"hide\":false,\"rawQuery\":true,\"rawSql\":\"SELECT\\n  COUNT(*) AS `FAILED TRANSACTIONS`,\\n  bankName\\nFROM\\n  dummy_data.grafdisplay\\nWHERE\\n  $__timeFilter(startDate) AND responseCode = 0\\nGROUP BY\\n  bankName\\nORDER BY\\n  `FAILED TRANSACTIONS` DESC;\\n\",\"refId\":\"A\",\"sql\":{\"columns\":[{\"parameters\":[],\"type\":\"function\"}],\"groupBy\":[{\"property\":{\"type\":\"string\"},\"type\":\"groupBy\"}],\"limit\":50}}],\"title\":\"Top 10 Successful Institutions (Per Volume)\",\"type\":\"bargauge\"},{\"datasource\":{\"type\":\"mysql\",\"uid\":\"data_mysql_db\"},\"fieldConfig\":{\"defaults\":{\"color\":{\"mode\":\"palette-classic\"},\"custom\":{\"hideFrom\":{\"legend\":false,\"tooltip\":false,\"viz\":false}},\"mappings\":[],\"unit\":\"short\"},\"overrides\":[]},\"gridPos\":{\"h\":16,\"w\":8,\"x\":16,\"y\":8},\"options\":{\"displayLabels\":[\"percent\"],\"legend\":{\"displayMode\":\"table\",\"placement\":\"bottom\",\"showLegend\":true,\"values\":[\"value\",\"percent\"]},\"pieType\":\"pie\",\"reduceOptions\":{\"calcs\":[\"lastNotNull\"],\"fields\":\"\",\"values\":true},\"tooltip\":{\"mode\":\"single\",\"sort\":\"none\"}},\"pluginVersion\":\"10.0.2\",\"targets\":[{\"dataset\":\"dummy_data\",\"datasource\":{\"type\":\"mysql\",\"uid\":\"data_mysql_db\"},\"editorMode\":\"code\",\"format\":\"table\",\"rawQuery\":true,\"rawSql\":\"SELECT\\n  distinct COUNT(response),\\n  response\\n  -- startDate AS time\\nFROM\\n  dummy_data.grafdisplay\\nWHERE $__timeFilter(startDate) AND responseCode != 0\\nGROUP BY\\n  response\\n-- ORDER BY\\n--   response DESC\",\"refId\":\"A\",\"sql\":{\"columns\":[{\"name\":\"COUNT\",\"parameters\":[{\"name\":\"*\",\"type\":\"functionParameter\"}],\"type\":\"function\"}],\"groupBy\":[{\"property\":{\"type\":\"string\"},\"type\":\"groupBy\"}],\"limit\":50},\"table\":\"grafdisplay\"}],\"title\":\"Transaction Failure Reason(s)\",\"type\":\"piechart\"},{\"datasource\":{\"type\":\"mysql\",\"uid\":\"data_mysql_db\"},\"fieldConfig\":{\"defaults\":{\"color\":{\"mode\":\"thresholds\"},\"mappings\":[],\"thresholds\":{\"mode\":\"absolute\",\"steps\":[{\"color\":\"light-red\",\"value\":null},{\"color\":\"red\",\"value\":25},{\"color\":\"semi-dark-red\",\"value\":50},{\"color\":\"dark-red\",\"value\":75}]},\"unit\":\"short\"},\"overrides\":[]},\"gridPos\":{\"h\":8,\"w\":8,\"x\":0,\"y\":16},\"options\":{\"colorMode\":\"value\",\"graphMode\":\"area\",\"justifyMode\":\"auto\",\"orientation\":\"auto\",\"reduceOptions\":{\"calcs\":[\"sum\"],\"fields\":\"\",\"values\":false},\"textMode\":\"auto\"},\"pluginVersion\":\"10.0.2\",\"targets\":[{\"dataset\":\"dummy_data\",\"datasource\":{\"type\":\"mysql\",\"uid\":\"data_mysql_db\"},\"editorMode\":\"code\",\"format\":\"time_series\",\"rawQuery\":true,\"rawSql\":\"SELECT\\n  COUNT(*),\\n  startDate AS time\\nFROM\\n  dummy_data.grafdisplay\\nWHERE $__timeFilter(startDate) AND responseCode != 0\\nGROUP BY\\n  time\\nORDER BY\\n  time\",\"refId\":\"A\",\"sql\":{\"columns\":[{\"name\":\"COUNT\",\"parameters\":[{\"name\":\"*\",\"type\":\"functionParameter\"}],\"type\":\"function\"}],\"groupBy\":[{\"property\":{\"type\":\"string\"},\"type\":\"groupBy\"}],\"limit\":50},\"table\":\"grafdisplay\"}],\"title\":\"Total Transaction Failure Count\",\"type\":\"stat\"},{\"datasource\":{\"type\":\"mysql\",\"uid\":\"data_mysql_db\"},\"fieldConfig\":{\"defaults\":{\"color\":{\"mode\":\"thresholds\"},\"mappings\":[],\"thresholds\":{\"mode\":\"absolute\",\"steps\":[{\"color\":\"super-light-red\",\"value\":null},{\"color\":\"light-red\",\"value\":25},{\"color\":\"red\",\"value\":50},{\"color\":\"semi-dark-red\",\"value\":75}]},\"unit\":\"short\"},\"overrides\":[]},\"gridPos\":{\"h\":8,\"w\":8,\"x\":8,\"y\":16},\"options\":{\"displayMode\":\"gradient\",\"minVizHeight\":10,\"minVizWidth\":0,\"orientation\":\"horizontal\",\"reduceOptions\":{\"calcs\":[\"sum\"],\"fields\":\"/^FAILED TRANSACTIONS$/\",\"limit\":10,\"values\":true},\"showUnfilled\":true,\"valueMode\":\"color\"},\"pluginVersion\":\"10.0.2\",\"targets\":[{\"datasource\":{\"type\":\"mysql\",\"uid\":\"data_mysql_db\"},\"editorMode\":\"code\",\"format\":\"table\",\"hide\":false,\"rawQuery\":true,\"rawSql\":\"SELECT\\n  COUNT(*) AS `FAILED TRANSACTIONS`,\\n  bankName\\nFROM\\n  dummy_data.grafdisplay\\nWHERE\\n  $__timeFilter(startDate) AND responseCode != 0\\nGROUP BY\\n  bankName\\nORDER BY\\n  `FAILED TRANSACTIONS` DESC;\\n\",\"refId\":\"A\",\"sql\":{\"columns\":[{\"parameters\":[],\"type\":\"function\"}],\"groupBy\":[{\"property\":{\"type\":\"string\"},\"type\":\"groupBy\"}],\"limit\":50}}],\"title\":\"Top 10 Failing Institutions (Per Volume)\",\"type\":\"bargauge\"}],\"refresh\":\"\",\"schemaVersion\":38,\"style\":\"dark\",\"tags\":[],\"templating\":{\"list\":[]},\"time\":{\"from\":\"now-2h\",\"to\":\"now\"},\"timepicker\":{},\"timezone\":\"\",\"title\":\"Dummy Data Transaction Metrics\",\"uid\":\"adoz80ya4stfkc\",\"weekStart\":\"\"}",
            "dashboard_id": 1,
            "folder": "",
            "id": "0:adoz80ya4stfkc",
            "message": null,
            "org_id": null,
            "overwrite": null,
            "slug": "dummy-data-transaction-metrics",
            "uid": "adoz80ya4stfkc",
            "url": "http://54.183.230.189:3000/d/adoz80ya4stfkc/dummy-data-transaction-metrics",
            "version": 2
          },
          "sensitive_attributes": [],
          "private": "eyJzY2hlbWFfdmVyc2lvbiI6IjEifQ==",
          "dependencies": [
            "grafana_data_source.data_mysql_datasource"
          ]
        }
      ]
    },
    {
      "mode": "managed",
      "type": "grafana_data_source",
      "name": "data_mysql_datasource",
      "provider": "provider[\"registry.terraform.io/grafana/grafana\"]",
      "instances": [
        {
          "schema_version": 1,
          "attributes": {
            "access_mode": "proxy",
            "basic_auth_enabled": false,
            "basic_auth_password": null,
            "basic_auth_username": "",
            "database_name": "dummy_data",
            "http_headers": null,
            "id": "1",
            "is_default": false,
            "json_data": [],
            "json_data_encoded": "{\"connMaxLifetime\":14400,\"database\":\"dummy_data\",\"manageAlerts\":false,\"maxIdleConns\":100,\"maxIdleConnsAuto\":true,\"maxOpenConns\":100,\"sigV4Auth\":false,\"timescaledb\":false,\"tlsSkipVerify\":true,\"xpack\":false}",
            "name": "data_mysql_db",
            "password": "admin",
            "secure_json_data": [],
            "secure_json_data_encoded": null,
            "type": "mysql",
            "uid": "fdoz7miono0lce",
            "url": "54.183.230.189:3306",
            "username": "mysql"
          },
          "sensitive_attributes": [],
          "private": "eyJzY2hlbWFfdmVyc2lvbiI6IjEifQ=="
        }
      ]
    }
  ],
  "check_results": null
}
